
Microsoft Visual Studio Solution File, Format Version 12.00
# Visual Studio 15
VisualStudioVersion = 15.0.27428.2015
MinimumVisualStudioVersion = 10.0.40219.1
Project("{FAE04EC0-301F-11D3-BF4B-00C04F79EFBC}") = "UserWPF", "UserWPF\UserWPF.csproj", "{A112534E-BC4B-4831-B803-2C0A5B058B45}"
EndProject
Project("{FAE04EC0-301F-11D3-BF4B-00C04F79EFBC}") = "UserBusinessLayer", "UserBusinessLayer\UserBusinessLayer.csproj", "{E1A9EA7E-18EA-422B-B2C6-3843263BC736}"
EndProject
Global
	GlobalSection(SolutionConfigurationPlatforms) = preSolution
		Debug|Any CPU = Debug|Any CPU
		Release|Any CPU = Release|Any CPU
	EndGlobalSection
	GlobalSection(ProjectConfigurationPlatforms) = postSolution
		{A112534E-BC4B-4831-B803-2C0A5B058B45}.Debug|Any CPU.ActiveCfg = Debug|Any CPU
		{A112534E-BC4B-4831-B803-2C0A5B058B45}.Debug|Any CPU.Build.0 = Debug|Any CPU
		{A112534E-BC4B-4831-B803-2C0A5B058B45}.Release|Any CPU.ActiveCfg = Release|Any CPU
		{A112534E-BC4B-4831-B803-2C0A5B058B45}.Release|Any CPU.Build.0 = Release|Any CPU
		{E1A9EA7E-18EA-422B-B2C6-3843263BC736}.Debug|Any CPU.ActiveCfg = Debug|Any CPU
		{E1A9EA7E-18EA-422B-B2C6-3843263BC736}.Debug|Any CPU.Build.0 = Debug|Any CPU
		{E1A9EA7E-18EA-422B-B2C6-3843263BC736}.Release|Any CPU.ActiveCfg = Release|Any CPU
		{E1A9EA7E-18EA-422B-B2C6-3843263BC736}.Release|Any CPU.Build.0 = Release|Any CPU
	EndGlobalSection
	GlobalSection(SolutionProperties) = preSolution
		HideSolutionNode = FALSE
	EndGlobalSection
	GlobalSection(ExtensibilityGlobals) = postSolution
		SolutionGuid = {A6A941B2-7A5A-4F5D-941D-9B761B1D8A6D}
	EndGlobalSection
EndGlobal
